// !$*UTF8*$!
{
	archiveVersion = 1;
	classes = {
	};
	objectVersion = 46;
	objects = {

/* Begin PBXBuildFile section */
		84D04D0B1E8DFA4E00FC407E /* AppDelegate.swift in Sources */ = {isa = PBXBuildFile; fileRef = 84D04D0A1E8DFA4E00FC407E /* AppDelegate.swift */; };
		84D04D0D1E8DFA4E00FC407E /* ViewController.swift in Sources */ = {isa = PBXBuildFile; fileRef = 84D04D0C1E8DFA4E00FC407E /* ViewController.swift */; };
		84D04D101E8DFA4E00FC407E /* Main.storyboard in Resources */ = {isa = PBXBuildFile; fileRef = 84D04D0E1E8DFA4E00FC407E /* Main.storyboard */; };
		84D04D121E8DFA4E00FC407E /* Assets.xcassets in Resources */ = {isa = PBXBuildFile; fileRef = 84D04D111E8DFA4E00FC407E /* Assets.xcassets */; };
		84D04D151E8DFA4E00FC407E /* LaunchScreen.storyboard in Resources */ = {isa = PBXBuildFile; fileRef = 84D04D131E8DFA4E00FC407E /* LaunchScreen.storyboard */; };
		84D04D201E8DFA4F00FC407E /* jzzTests.swift in Sources */ = {isa = PBXBuildFile; fileRef = 84D04D1F1E8DFA4F00FC407E /* jzzTests.swift */; };
		84D04D2B1E8DFA4F00FC407E /* jzzUITests.swift in Sources */ = {isa = PBXBuildFile; fileRef = 84D04D2A1E8DFA4F00FC407E /* jzzUITests.swift */; };
		8A04AB09AA9B679D575438A5 /* Pods_jzz.framework in Frameworks */ = {isa = PBXBuildFile; fileRef = 4820D2AC630922BE6C96BD14 /* Pods_jzz.framework */; };
/* End PBXBuildFile section */

/* Begin PBXContainerItemProxy section */
		84D04D1C1E8DFA4F00FC407E /* PBXContainerItemProxy */ = {
			isa = PBXContainerItemProxy;
			containerPortal = 84D04CFF1E8DFA4E00FC407E /* Project object */;
			proxyType = 1;
			remoteGlobalIDString = 84D04D061E8DFA4E00FC407E;
			remoteInfo = jzz;
		};
		84D04D271E8DFA4F00FC407E /* PBXContainerItemProxy */ = {
			isa = PBXContainerItemProxy;
			containerPortal = 84D04CFF1E8DFA4E00FC407E /* Project object */;
			proxyType = 1;
			remoteGlobalIDString = 84D04D061E8DFA4E00FC407E;
			remoteInfo = jzz;
		};
/* End PBXContainerItemProxy section */

/* Begin PBXFileReference section */
		4820D2AC630922BE6C96BD14 /* Pods_jzz.framework */ = {isa = PBXFileReference; explicitFileType = wrapper.framework; includeInIndex = 0; path = Pods_jzz.framework; sourceTree = BUILT_PRODUCTS_DIR; };
		5D804D37DFE539FCF9014FBD /* Pods-jzz.release.xcconfig */ = {isa = PBXFileReference; includeInIndex = 1; lastKnownFileType = text.xcconfig; name = "Pods-jzz.release.xcconfig"; path = "Pods/Target Support Files/Pods-jzz/Pods-jzz.release.xcconfig"; sourceTree = "<group>"; };
		84D04D071E8DFA4E00FC407E /* jzz.app */ = {isa = PBXFileReference; explicitFileType = wrapper.application; includeInIndex = 0; path = jzz.app; sourceTree = BUILT_PRODUCTS_DIR; };
		84D04D0A1E8DFA4E00FC407E /* AppDelegate.swift */ = {isa = PBXFileReference; lastKnownFileType = sourcecode.swift; path = AppDelegate.swift; sourceTree = "<group>"; };
		84D04D0C1E8DFA4E00FC407E /* ViewController.swift */ = {isa = PBXFileReference; lastKnownFileType = sourcecode.swift; path = ViewController.swift; sourceTree = "<group>"; };
		84D04D0F1E8DFA4E00FC407E /* Base */ = {isa = PBXFileReference; lastKnownFileType = file.storyboard; name = Base; path = Base.lproj/Main.storyboard; sourceTree = "<group>"; };
		84D04D111E8DFA4E00FC407E /* Assets.xcassets */ = {isa = PBXFileReference; lastKnownFileType = folder.assetcatalog; path = Assets.xcassets; sourceTree = "<group>"; };
		84D04D141E8DFA4E00FC407E /* Base */ = {isa = PBXFileReference; lastKnownFileType = file.storyboard; name = Base; path = Base.lproj/LaunchScreen.storyboard; sourceTree = "<group>"; };
		84D04D161E8DFA4E00FC407E /* Info.plist */ = {isa = PBXFileReference; lastKnownFileType = text.plist.xml; path = Info.plist; sourceTree = "<group>"; };
		84D04D1B1E8DFA4F00FC407E /* jzzTests.xctest */ = {isa = PBXFileReference; explicitFileType = wrapper.cfbundle; includeInIndex = 0; path = jzzTests.xctest; sourceTree = BUILT_PRODUCTS_DIR; };
		84D04D1F1E8DFA4F00FC407E /* jzzTests.swift */ = {isa = PBXFileReference; lastKnownFileType = sourcecode.swift; path = jzzTests.swift; sourceTree = "<group>"; };
		84D04D211E8DFA4F00FC407E /* Info.plist */ = {isa = PBXFileReference; lastKnownFileType = text.plist.xml; path = Info.plist; sourceTree = "<group>"; };
		84D04D261E8DFA4F00FC407E /* jzzUITests.xctest */ = {isa = PBXFileReference; explicitFileType = wrapper.cfbundle; includeInIndex = 0; path = jzzUITests.xctest; sourceTree = BUILT_PRODUCTS_DIR; };
		84D04D2A1E8DFA4F00FC407E /* jzzUITests.swift */ = {isa = PBXFileReference; lastKnownFileType = sourcecode.swift; path = jzzUITests.swift; sourceTree = "<group>"; };
		84D04D2C1E8DFA4F00FC407E /* Info.plist */ = {isa = PBXFileReference; lastKnownFileType = text.plist.xml; path = Info.plist; sourceTree = "<group>"; };
		8661F91CCEE67C9947433D75 /* Pods-jzz.debug.xcconfig */ = {isa = PBXFileReference; includeInIndex = 1; lastKnownFileType = text.xcconfig; name = "Pods-jzz.debug.xcconfig"; path = "Pods/Target Support Files/Pods-jzz/Pods-jzz.debug.xcconfig"; sourceTree = "<group>"; };
/* End PBXFileReference section */

/* Begin PBXFrameworksBuildPhase section */
		84D04D041E8DFA4E00FC407E /* Frameworks */ = {
			isa = PBXFrameworksBuildPhase;
			buildActionMask = 2147483647;
			files = (
				8A04AB09AA9B679D575438A5 /* Pods_jzz.framework in Frameworks */,
			);
			runOnlyForDeploymentPostprocessing = 0;
		};
		84D04D181E8DFA4F00FC407E /* Frameworks */ = {
			isa = PBXFrameworksBuildPhase;
			buildActionMask = 2147483647;
			files = (
			);
			runOnlyForDeploymentPostprocessing = 0;
		};
		84D04D231E8DFA4F00FC407E /* Frameworks */ = {
			isa = PBXFrameworksBuildPhase;
			buildActionMask = 2147483647;
			files = (
			);
			runOnlyForDeploymentPostprocessing = 0;
		};
/* End PBXFrameworksBuildPhase section */

/* Begin PBXGroup section */
		22FF87D8E3FFE85BB2E5002A /* Frameworks */ = {
			isa = PBXGroup;
			children = (
				4820D2AC630922BE6C96BD14 /* Pods_jzz.framework */,
			);
			name = Frameworks;
			sourceTree = "<group>";
		};
		80BC9C81E5E2F59E903F992A /* Pods */ = {
			isa = PBXGroup;
			children = (
				8661F91CCEE67C9947433D75 /* Pods-jzz.debug.xcconfig */,
				5D804D37DFE539FCF9014FBD /* Pods-jzz.release.xcconfig */,
			);
			name = Pods;
			sourceTree = "<group>";
		};
		84D04CFE1E8DFA4E00FC407E = {
			isa = PBXGroup;
			children = (
				84D04D091E8DFA4E00FC407E /* jzz */,
				84D04D1E1E8DFA4F00FC407E /* jzzTests */,
				84D04D291E8DFA4F00FC407E /* jzzUITests */,
				84D04D081E8DFA4E00FC407E /* Products */,
				80BC9C81E5E2F59E903F992A /* Pods */,
				22FF87D8E3FFE85BB2E5002A /* Frameworks */,
			);
			sourceTree = "<group>";
		};
		84D04D081E8DFA4E00FC407E /* Products */ = {
			isa = PBXGroup;
			children = (
				84D04D071E8DFA4E00FC407E /* jzz.app */,
				84D04D1B1E8DFA4F00FC407E /* jzzTests.xctest */,
				84D04D261E8DFA4F00FC407E /* jzzUITests.xctest */,
			);
			name = Products;
			sourceTree = "<group>";
		};
		84D04D091E8DFA4E00FC407E /* jzz */ = {
			isa = PBXGroup;
			children = (
				84D04D0A1E8DFA4E00FC407E /* AppDelegate.swift */,
				84D04D0C1E8DFA4E00FC407E /* ViewController.swift */,
				84D04D0E1E8DFA4E00FC407E /* Main.storyboard */,
				84D04D111E8DFA4E00FC407E /* Assets.xcassets */,
				84D04D131E8DFA4E00FC407E /* LaunchScreen.storyboard */,
				84D04D161E8DFA4E00FC407E /* Info.plist */,
			);
			path = jzz;
			sourceTree = "<group>";
		};
		84D04D1E1E8DFA4F00FC407E /* jzzTests */ = {
			isa = PBXGroup;
			children = (
				84D04D1F1E8DFA4F00FC407E /* jzzTests.swift */,
				84D04D211E8DFA4F00FC407E /* Info.plist */,
			);
			path = jzzTests;
			sourceTree = "<group>";
		};
		84D04D291E8DFA4F00FC407E /* jzzUITests */ = {
			isa = PBXGroup;
			children = (
				84D04D2A1E8DFA4F00FC407E /* jzzUITests.swift */,
				84D04D2C1E8DFA4F00FC407E /* Info.plist */,
			);
			path = jzzUITests;
			sourceTree = "<group>";
		};
/* End PBXGroup section */

/* Begin PBXNativeTarget section */
		84D04D061E8DFA4E00FC407E /* jzz */ = {
			isa = PBXNativeTarget;
			buildConfigurationList = 84D04D2F1E8DFA4F00FC407E /* Build configuration list for PBXNativeTarget "jzz" */;
			buildPhases = (
				E5F82D1EF72EF27D87D9BF38 /* [CP] Check Pods Manifest.lock */,
				84D04D031E8DFA4E00FC407E /* Sources */,
				84D04D041E8DFA4E00FC407E /* Frameworks */,
				84D04D051E8DFA4E00FC407E /* Resources */,
				EC3DCDCC7400230A47733646 /* [CP] Embed Pods Frameworks */,
				F866B90C72EDF51F883DB2BA /* [CP] Copy Pods Resources */,
			);
			buildRules = (
			);
			dependencies = (
			);
			name = jzz;
			productName = jzz;
			productReference = 84D04D071E8DFA4E00FC407E /* jzz.app */;
			productType = "com.apple.product-type.application";
		};
		84D04D1A1E8DFA4F00FC407E /* jzzTests */ = {
			isa = PBXNativeTarget;
			buildConfigurationList = 84D04D321E8DFA4F00FC407E /* Build configuration list for PBXNativeTarget "jzzTests" */;
			buildPhases = (
				84D04D171E8DFA4F00FC407E /* Sources */,
				84D04D181E8DFA4F00FC407E /* Frameworks */,
				84D04D191E8DFA4F00FC407E /* Resources */,
			);
			buildRules = (
			);
			dependencies = (
				84D04D1D1E8DFA4F00FC407E /* PBXTargetDependency */,
			);
			name = jzzTests;
			productName = jzzTests;
			productReference = 84D04D1B1E8DFA4F00FC407E /* jzzTests.xctest */;
			productType = "com.apple.product-type.bundle.unit-test";
		};
		84D04D251E8DFA4F00FC407E /* jzzUITests */ = {
			isa = PBXNativeTarget;
			buildConfigurationList = 84D04D351E8DFA4F00FC407E /* Build configuration list for PBXNativeTarget "jzzUITests" */;
			buildPhases = (
				84D04D221E8DFA4F00FC407E /* Sources */,
				84D04D231E8DFA4F00FC407E /* Frameworks */,
				84D04D241E8DFA4F00FC407E /* Resources */,
			);
			buildRules = (
			);
			dependencies = (
				84D04D281E8DFA4F00FC407E /* PBXTargetDependency */,
			);
			name = jzzUITests;
			productName = jzzUITests;
			productReference = 84D04D261E8DFA4F00FC407E /* jzzUITests.xctest */;
			productType = "com.apple.product-type.bundle.ui-testing";
		};
/* End PBXNativeTarget section */

/* Begin PBXProject section */
		84D04CFF1E8DFA4E00FC407E /* Project object */ = {
			isa = PBXProject;
			attributes = {
				LastSwiftUpdateCheck = 0820;
				LastUpgradeCheck = 0820;
				ORGANIZATIONNAME = totalapps;
				TargetAttributes = {
					84D04D061E8DFA4E00FC407E = {
						CreatedOnToolsVersion = 8.2.1;
						DevelopmentTeam = 8F854HFPLX;
						ProvisioningStyle = Automatic;
					};
					84D04D1A1E8DFA4F00FC407E = {
						CreatedOnToolsVersion = 8.2.1;
						DevelopmentTeam = 8F854HFPLX;
						ProvisioningStyle = Automatic;
						TestTargetID = 84D04D061E8DFA4E00FC407E;
					};
					84D04D251E8DFA4F00FC407E = {
						CreatedOnToolsVersion = 8.2.1;
						DevelopmentTeam = 8F854HFPLX;
						ProvisioningStyle = Automatic;
						TestTargetID = 84D04D061E8DFA4E00FC407E;
					};
				};
			};
			buildConfigurationList = 84D04D021E8DFA4E00FC407E /* Build configuration list for PBXProject "jzz" */;
			compatibilityVersion = "Xcode 3.2";
			developmentRegion = English;
			hasScannedForEncodings = 0;
			knownRegions = (
				en,
				Base,
			);
			mainGroup = 84D04CFE1E8DFA4E00FC407E;
			productRefGroup = 84D04D081E8DFA4E00FC407E /* Products */;
			projectDirPath = "";
			projectRoot = "";
			targets = (
				84D04D061E8DFA4E00FC407E /* jzz */,
				84D04D1A1E8DFA4F00FC407E /* jzzTests */,
				84D04D251E8DFA4F00FC407E /* jzzUITests */,
			);
		};
/* End PBXProject section */

/* Begin PBXResourcesBuildPhase section */
		84D04D051E8DFA4E00FC407E /* Resources */ = {
			isa = PBXResourcesBuildPhase;
			buildActionMask = 2147483647;
			files = (
				84D04D151E8DFA4E00FC407E /* LaunchScreen.storyboard in Resources */,
				84D04D121E8DFA4E00FC407E /* Assets.xcassets in Resources */,
				84D04D101E8DFA4E00FC407E /* Main.storyboard in Resources */,
			);
			runOnlyForDeploymentPostprocessing = 0;
		};
		84D04D191E8DFA4F00FC407E /* Resources */ = {
			isa = PBXResourcesBuildPhase;
			buildActionMask = 2147483647;
			files = (
			);
			runOnlyForDeploymentPostprocessing = 0;
		};
		84D04D241E8DFA4F00FC407E /* Resources */ = {
			isa = PBXResourcesBuildPhase;
			buildActionMask = 2147483647;
			files = (
			);
			runOnlyForDeploymentPostprocessing = 0;
		};
/* End PBXResourcesBuildPhase section */

/* Begin PBXShellScriptBuildPhase section */
		E5F82D1EF72EF27D87D9BF38 /* [CP] Check Pods Manifest.lock */ = {
			isa = PBXShellScriptBuildPhase;
			buildActionMask = 2147483647;
			files = (
			);
			inputPaths = (
			);
			name = "[CP] Check Pods Manifest.lock";
			outputPaths = (
			);
			runOnlyForDeploymentPostprocessing = 0;
			shellPath = /bin/sh;
			shellScript = "diff \"${PODS_ROOT}/../Podfile.lock\" \"${PODS_ROOT}/Manifest.lock\" > /dev/null\nif [ $? != 0 ] ; then\n    # print error to STDERR\n    echo \"error: The sandbox is not in sync with the Podfile.lock. Run 'pod install' or update your CocoaPods installation.\" >&2\n    exit 1\nfi\n";
			showEnvVarsInLog = 0;
		};
		EC3DCDCC7400230A47733646 /* [CP] Embed Pods Frameworks */ = {
			isa = PBXShellScriptBuildPhase;
			buildActionMask = 2147483647;
			files = (
			);
			inputPaths = (
			);
			name = "[CP] Embed Pods Frameworks";
			outputPaths = (
			);
			runOnlyForDeploymentPostprocessing = 0;
			shellPath = /bin/sh;
			shellScript = "\"${SRCROOT}/Pods/Target Support Files/Pods-jzz/Pods-jzz-frameworks.sh\"\n";
			showEnvVarsInLog = 0;
		};
		F866B90C72EDF51F883DB2BA /* [CP] Copy Pods Resources */ = {
			isa = PBXShellScriptBuildPhase;
			buildActionMask = 2147483647;
			files = (
			);
			inputPaths = (
			);
			name = "[CP] Copy Pods Resources";
			outputPaths = (
			);
			runOnlyForDeploymentPostprocessing = 0;
			shellPath = /bin/sh;
			shellScript = "\"${SRCROOT}/Pods/Target Support Files/Pods-jzz/Pods-jzz-resources.sh\"\n";
			showEnvVarsInLog = 0;
		};
/* End PBXShellScriptBuildPhase section */

/* Begin PBXSourcesBuildPhase section */
		84D04D031E8DFA4E00FC407E /* Sources */ = {
			isa = PBXSourcesBuildPhase;
			buildActionMask = 2147483647;
			files = (
				84D04D0D1E8DFA4E00FC407E /* ViewController.swift in Sources */,
				84D04D0B1E8DFA4E00FC407E /* AppDelegate.swift in Sources */,
			);
			runOnlyForDeploymentPostprocessing = 0;
		};
		84D04D171E8DFA4F00FC407E /* Sources */ = {
			isa = PBXSourcesBuildPhase;
			buildActionMask = 2147483647;
			files = (
				84D04D201E8DFA4F00FC407E /* jzzTests.swift in Sources */,
			);
			runOnlyForDeploymentPostprocessing = 0;
		};
		84D04D221E8DFA4F00FC407E /* Sources */ = {
			isa = PBXSourcesBuildPhase;
			buildActionMask = 2147483647;
			files = (
				84D04D2B1E8DFA4F00FC407E /* jzzUITests.swift in Sources */,
			);
			runOnlyForDeploymentPostprocessing = 0;
		};
/* End PBXSourcesBuildPhase section */

/* Begin PBXTargetDependency section */
		84D04D1D1E8DFA4F00FC407E /* PBXTargetDependency */ = {
			isa = PBXTargetDependency;
			target = 84D04D061E8DFA4E00FC407E /* jzz */;
			targetProxy = 84D04D1C1E8DFA4F00FC407E /* PBXContainerItemProxy */;
		};
		84D04D281E8DFA4F00FC407E /* PBXTargetDependency */ = {
			isa = PBXTargetDependency;
			target = 84D04D061E8DFA4E00FC407E /* jzz */;
			targetProxy = 84D04D271E8DFA4F00FC407E /* PBXContainerItemProxy */;
		};
/* End PBXTargetDependency section */

/* Begin PBXVariantGroup section */
		84D04D0E1E8DFA4E00FC407E /* Main.storyboard */ = {
			isa = PBXVariantGroup;
			children = (
				84D04D0F1E8DFA4E00FC407E /* Base */,
			);
			name = Main.storyboard;
			sourceTree = "<group>";
		};
		84D04D131E8DFA4E00FC407E /* LaunchScreen.storyboard */ = {
			isa = PBXVariantGroup;
			children = (
				84D04D141E8DFA4E00FC407E /* Base */,
			);
			name = LaunchScreen.storyboard;
			sourceTree = "<group>";
		};
/* End PBXVariantGroup section */

/* Begin XCBuildConfiguration section */
		84D04D2D1E8DFA4F00FC407E /* Debug */ = {
			isa = XCBuildConfiguration;
			buildSettings = {
				ALWAYS_SEARCH_USER_PATHS = NO;
				CLANG_ANALYZER_NONNULL = YES;
				CLANG_CXX_LANGUAGE_STANDARD = "gnu++0x";
				CLANG_CXX_LIBRARY = "libc++";
				CLANG_ENABLE_MODULES = YES;
				CLANG_ENABLE_OBJC_ARC = YES;
				CLANG_WARN_BOOL_CONVERSION = YES;
				CLANG_WARN_CONSTANT_CONVERSION = YES;
				CLANG_WARN_DIRECT_OBJC_ISA_USAGE = YES_ERROR;
				CLANG_WARN_DOCUMENTATION_COMMENTS = YES;
				CLANG_WARN_EMPTY_BODY = YES;
				CLANG_WARN_ENUM_CONVERSION = YES;
				CLANG_WARN_INFINITE_RECURSION = YES;
				CLANG_WARN_INT_CONVERSION = YES;
				CLANG_WARN_OBJC_ROOT_CLASS = YES_ERROR;
				CLANG_WARN_SUSPICIOUS_MOVE = YES;
				CLANG_WARN_UNREACHABLE_CODE = YES;
				CLANG_WARN__DUPLICATE_METHOD_MATCH = YES;
				"CODE_SIGN_IDENTITY[sdk=iphoneos*]" = "iPhone Developer";
				COPY_PHASE_STRIP = NO;
				DEBUG_INFORMATION_FORMAT = dwarf;
				ENABLE_STRICT_OBJC_MSGSEND = YES;
				ENABLE_TESTABILITY = YES;
				GCC_C_LANGUAGE_STANDARD = gnu99;
				GCC_DYNAMIC_NO_PIC = NO;
				GCC_NO_COMMON_BLOCKS = YES;
				GCC_OPTIMIZATION_LEVEL = 0;
				GCC_PREPROCESSOR_DEFINITIONS = (
					"DEBUG=1",
					"$(inherited)",
				);
				GCC_WARN_64_TO_32_BIT_CONVERSION = YES;
				GCC_WARN_ABOUT_RETURN_TYPE = YES_ERROR;
				GCC_WARN_UNDECLARED_SELECTOR = YES;
				GCC_WARN_UNINITIALIZED_AUTOS = YES_AGGRESSIVE;
				GCC_WARN_UNUSED_FUNCTION = YES;
				GCC_WARN_UNUSED_VARIABLE = YES;
				IPHONEOS_DEPLOYMENT_TARGET = 10.2;
				MTL_ENABLE_DEBUG_INFO = YES;
				ONLY_ACTIVE_ARCH = YES;
				SDKROOT = iphoneos;
				SWIFT_ACTIVE_COMPILATION_CONDITIONS = DEBUG;
				SWIFT_OPTIMIZATION_LEVEL = "-Onone";
			};
			name = Debug;
		};
		84D04D2E1E8DFA4F00FC407E /* Release */ = {
			isa = XCBuildConfiguration;
			buildSettings = {
				ALWAYS_SEARCH_USER_PATHS = NO;
				CLANG_ANALYZER_NONNULL = YES;
				CLANG_CXX_LANGUAGE_STANDARD = "gnu++0x";
				CLANG_CXX_LIBRARY = "libc++";
				CLANG_ENABLE_MODULES = YES;
				CLANG_ENABLE_OBJC_ARC = YES;
				CLANG_WARN_BOOL_CONVERSION = YES;
				CLANG_WARN_CONSTANT_CONVERSION = YES;
				CLANG_WARN_DIRECT_OBJC_ISA_USAGE = YES_ERROR;
				CLANG_WARN_DOCUMENTATION_COMMENTS = YES;
				CLANG_WARN_EMPTY_BODY = YES;
				CLANG_WARN_ENUM_CONVERSION = YES;
				CLANG_WARN_INFINITE_RECURSION = YES;
				CLANG_WARN_INT_CONVERSION = YES;
				CLANG_WARN_OBJC_ROOT_CLASS = YES_ERROR;
				CLANG_WARN_SUSPICIOUS_MOVE = YES;
				CLANG_WARN_UNREACHABLE_CODE = YES;
				CLANG_WARN__DUPLICATE_METHOD_MATCH = YES;
				"CODE_SIGN_IDENTITY[sdk=iphoneos*]" = "iPhone Developer";
				COPY_PHASE_STRIP = NO;
				DEBUG_INFORMATION_FORMAT = "dwarf-with-dsym";
				ENABLE_NS_ASSERTIONS = NO;
				ENABLE_STRICT_OBJC_MSGSEND = YES;
				GCC_C_LANGUAGE_STANDARD = gnu99;
				GCC_NO_COMMON_BLOCKS = YES;
				GCC_WARN_64_TO_32_BIT_CONVERSION = YES;
				GCC_WARN_ABOUT_RETURN_TYPE = YES_ERROR;
				GCC_WARN_UNDECLARED_SELECTOR = YES;
				GCC_WARN_UNINITIALIZED_AUTOS = YES_AGGRESSIVE;
				GCC_WARN_UNUSED_FUNCTION = YES;
				GCC_WARN_UNUSED_VARIABLE = YES;
				IPHONEOS_DEPLOYMENT_TARGET = 10.2;
				MTL_ENABLE_DEBUG_INFO = NO;
				SDKROOT = iphoneos;
				SWIFT_OPTIMIZATION_LEVEL = "-Owholemodule";
				VALIDATE_PRODUCT = YES;
			};
			name = Release;
		};
		84D04D301E8DFA4F00FC407E /* Debug */ = {
			isa = XCBuildConfiguration;
			baseConfigurationReference = 8661F91CCEE67C9947433D75 /* Pods-jzz.debug.xcconfig */;
			buildSettings = {
				ASSETCATALOG_COMPILER_APPICON_NAME = AppIcon;
				DEVELOPMENT_TEAM = 8F854HFPLX;
				INFOPLIST_FILE = jzz/Info.plist;
				IPHONEOS_DEPLOYMENT_TARGET = 9.0;
				LD_RUNPATH_SEARCH_PATHS = "$(inherited) @executable_path/Frameworks";
				PRODUCT_BUNDLE_IDENTIFIER = co.nz.totalapps.jzz;
				PRODUCT_NAME = "$(TARGET_NAME)";
				SWIFT_VERSION = 3.0;
			};
			name = Debug;
		};
		84D04D311E8DFA4F00FC407E /* Release */ = {
			isa = XCBuildConfiguration;
			baseConfigurationReference = 5D804D37DFE539FCF9014FBD /* Pods-jzz.release.xcconfig */;
			buildSettings = {
				ASSETCATALOG_COMPILER_APPICON_NAME = AppIcon;
				DEVELOPMENT_TEAM = 8F854HFPLX;
				INFOPLIST_FILE = jzz/Info.plist;
				IPHONEOS_DEPLOYMENT_TARGET = 9.0;
				LD_RUNPATH_SEARCH_PATHS = "$(inherited) @executable_path/Frameworks";
				PRODUCT_BUNDLE_IDENTIFIER = co.nz.totalapps.jzz;
				PRODUCT_NAME = "$(TARGET_NAME)";
				SWIFT_VERSION = 3.0;
			};
			name = Release;
		};
		84D04D331E8DFA4F00FC407E /* Debug */ = {
			isa = XCBuildConfiguration;
			buildSettings = {
				ALWAYS_EMBED_SWIFT_STANDARD_LIBRARIES = YES;
				BUNDLE_LOADER = "$(TEST_HOST)";
				DEVELOPMENT_TEAM = 8F854HFPLX;
				INFOPLIST_FILE = jzzTests/Info.plist;
				LD_RUNPATH_SEARCH_PATHS = "$(inherited) @executable_path/Frameworks @loader_path/Frameworks";
				PRODUCT_BUNDLE_IDENTIFIER = co.nz.totalapps.jzzTests;
				PRODUCT_NAME = "$(TARGET_NAME)";
				SWIFT_VERSION = 3.0;
				TEST_HOST = "$(BUILT_PRODUCTS_DIR)/jzz.app/jzz";
			};
			name = Debug;
		};
		84D04D341E8DFA4F00FC407E /* Release */ = {
			isa = XCBuildConfiguration;
			buildSettings = {
				ALWAYS_EMBED_SWIFT_STANDARD_LIBRARIES = YES;
				BUNDLE_LOADER = "$(TEST_HOST)";
				DEVELOPMENT_TEAM = 8F854HFPLX;
				INFOPLIST_FILE = jzzTests/Info.plist;
				LD_RUNPATH_SEARCH_PATHS = "$(inherited) @executable_path/Frameworks @loader_path/Frameworks";
				PRODUCT_BUNDLE_IDENTIFIER = co.nz.totalapps.jzzTests;
				PRODUCT_NAME = "$(TARGET_NAME)";
				SWIFT_VERSION = 3.0;
				TEST_HOST = "$(BUILT_PRODUCTS_DIR)/jzz.app/jzz";
			};
			name = Release;
		};
		84D04D361E8DFA4F00FC407E /* Debug */ = {
			isa = XCBuildConfiguration;
			buildSettings = {
				ALWAYS_EMBED_SWIFT_STANDARD_LIBRARIES = YES;
				DEVELOPMENT_TEAM = 8F854HFPLX;
				INFOPLIST_FILE = jzzUITests/Info.plist;
				LD_RUNPATH_SEARCH_PATHS = "$(inherited) @executable_path/Frameworks @loader_path/Frameworks";
				PRODUCT_BUNDLE_IDENTIFIER = co.nz.totalapps.jzzUITests;
				PRODUCT_NAME = "$(TARGET_NAME)";
				SWIFT_VERSION = 3.0;
				TEST_TARGET_NAME = jzz;
			};
			name = Debug;
		};
		84D04D371E8DFA4F00FC407E /* Release */ = {
			isa = XCBuildConfiguration;
			buildSettings = {
				ALWAYS_EMBED_SWIFT_STANDARD_LIBRARIES = YES;
				DEVELOPMENT_TEAM = 8F854HFPLX;
				INFOPLIST_FILE = jzzUITests/Info.plist;
				LD_RUNPATH_SEARCH_PATHS = "$(inherited) @executable_path/Frameworks @loader_path/Frameworks";
				PRODUCT_BUNDLE_IDENTIFIER = co.nz.totalapps.jzzUITests;
				PRODUCT_NAME = "$(TARGET_NAME)";
				SWIFT_VERSION = 3.0;
				TEST_TARGET_NAME = jzz;
			};
			name = Release;
		};
/* End XCBuildConfiguration section */

/* Begin XCConfigurationList section */
		84D04D021E8DFA4E00FC407E /* Build configuration list for PBXProject "jzz" */ = {
			isa = XCConfigurationList;
			buildConfigurations = (
				84D04D2D1E8DFA4F00FC407E /* Debug */,
				84D04D2E1E8DFA4F00FC407E /* Release */,
			);
			defaultConfigurationIsVisible = 0;
			defaultConfigurationName = Release;
		};
		84D04D2F1E8DFA4F00FC407E /* Build configuration list for PBXNativeTarget "jzz" */ = {
			isa = XCConfigurationList;
			buildConfigurations = (
				84D04D301E8DFA4F00FC407E /* Debug */,
				84D04D311E8DFA4F00FC407E /* Release */,
			);
			defaultConfigurationIsVisible = 0;
		};
		84D04D321E8DFA4F00FC407E /* Build configuration list for PBXNativeTarget "jzzTests" */ = {
			isa = XCConfigurationList;
			buildConfigurations = (
				84D04D331E8DFA4F00FC407E /* Debug */,
				84D04D341E8DFA4F00FC407E /* Release */,
			);
			defaultConfigurationIsVisible = 0;
		};
		84D04D351E8DFA4F00FC407E /* Build configuration list for PBXNativeTarget "jzzUITests" */ = {
			isa = XCConfigurationList;
			buildConfigurations = (
				84D04D361E8DFA4F00FC407E /* Debug */,
				84D04D371E8DFA4F00FC407E /* Release */,
			);
			defaultConfigurationIsVisible = 0;
		};
/* End XCConfigurationList section */
	};
	rootObject = 84D04CFF1E8DFA4E00FC407E /* Project object */;
}
